
Microsoft Visual Studio Solution File, Format Version 12.00
# Visual Studio Version 17
VisualStudioVersion = 17.8.34511.84
MinimumVisualStudioVersion = 10.0.40219.1
Project("{9A19103F-16F7-4668-BE54-9A1E7A4F7556}") = "SinglyLinkedList", "SinglyLinkedList\SinglyLinkedList.csproj", "{731A44AA-24F9-4D18-93DF-193DDA551EE9}"
EndProject
Project("{9A19103F-16F7-4668-BE54-9A1E7A4F7556}") = "DoublyLinkedList", "DoublyLinkedList\DoublyLinkedList.csproj", "{47A1F03E-C5F7-4C13-A014-E61D43CF60DC}"
EndProject
Project("{FAE04EC0-301F-11D3-BF4B-00C04F79EFBC}") = "Stack_LinkedListBased", "Stack_LinkedListBased\Stack_LinkedListBased.csproj", "{46E74969-CC93-487A-A389-2906E5564AF0}"
EndProject
Global
	GlobalSection(SolutionConfigurationPlatforms) = preSolution
		Debug|Any CPU = Debug|Any CPU
		Release|Any CPU = Release|Any CPU
	EndGlobalSection
	GlobalSection(ProjectConfigurationPlatforms) = postSolution
		{731A44AA-24F9-4D18-93DF-193DDA551EE9}.Debug|Any CPU.ActiveCfg = Debug|Any CPU
		{731A44AA-24F9-4D18-93DF-193DDA551EE9}.Debug|Any CPU.Build.0 = Debug|Any CPU
		{731A44AA-24F9-4D18-93DF-193DDA551EE9}.Release|Any CPU.ActiveCfg = Release|Any CPU
		{731A44AA-24F9-4D18-93DF-193DDA551EE9}.Release|Any CPU.Build.0 = Release|Any CPU
		{47A1F03E-C5F7-4C13-A014-E61D43CF60DC}.Debug|Any CPU.ActiveCfg = Debug|Any CPU
		{47A1F03E-C5F7-4C13-A014-E61D43CF60DC}.Debug|Any CPU.Build.0 = Debug|Any CPU
		{47A1F03E-C5F7-4C13-A014-E61D43CF60DC}.Release|Any CPU.ActiveCfg = Release|Any CPU
		{47A1F03E-C5F7-4C13-A014-E61D43CF60DC}.Release|Any CPU.Build.0 = Release|Any CPU
		{46E74969-CC93-487A-A389-2906E5564AF0}.Debug|Any CPU.ActiveCfg = Debug|Any CPU
		{46E74969-CC93-487A-A389-2906E5564AF0}.Debug|Any CPU.Build.0 = Debug|Any CPU
		{46E74969-CC93-487A-A389-2906E5564AF0}.Release|Any CPU.ActiveCfg = Release|Any CPU
		{46E74969-CC93-487A-A389-2906E5564AF0}.Release|Any CPU.Build.0 = Release|Any CPU
	EndGlobalSection
	GlobalSection(SolutionProperties) = preSolution
		HideSolutionNode = FALSE
	EndGlobalSection
	GlobalSection(ExtensibilityGlobals) = postSolution
		SolutionGuid = {68C94EA8-354F-4764-840B-5377B29EBC3A}
	EndGlobalSection
EndGlobal
